
Microsoft Visual Studio Solution File, Format Version 12.00
# Visual Studio Version 17
VisualStudioVersion = 17.2.32616.157
MinimumVisualStudioVersion = 10.0.40219.1
Project("{FAE04EC0-301F-11D3-BF4B-00C04F79EFBC}") = "WebApiEntityFramework", "WebApiEntityFramework\WebApiEntityFramework.csproj", "{2042343F-51F2-4F10-9E01-CC633DE167F3}"
EndProject
Global
	GlobalSection(SolutionConfigurationPlatforms) = preSolution
		Debug|Any CPU = Debug|Any CPU
		Release|Any CPU = Release|Any CPU
	EndGlobalSection
	GlobalSection(ProjectConfigurationPlatforms) = postSolution
		{2042343F-51F2-4F10-9E01-CC633DE167F3}.Debug|Any CPU.ActiveCfg = Debug|Any CPU
		{2042343F-51F2-4F10-9E01-CC633DE167F3}.Debug|Any CPU.Build.0 = Debug|Any CPU
		{2042343F-51F2-4F10-9E01-CC633DE167F3}.Release|Any CPU.ActiveCfg = Release|Any CPU
		{2042343F-51F2-4F10-9E01-CC633DE167F3}.Release|Any CPU.Build.0 = Release|Any CPU
	EndGlobalSection
	GlobalSection(SolutionProperties) = preSolution
		HideSolutionNode = FALSE
	EndGlobalSection
	GlobalSection(ExtensibilityGlobals) = postSolution
		SolutionGuid = {55203BFC-3F18-4207-9C24-6655D1856259}
	EndGlobalSection
EndGlobal
